<?xml version="1.0" encoding="utf-8"?>
<Project ToolsVersion="4.0" xmlns="http://schemas.microsoft.com/developer/msbuild/2003">
  <ItemGroup>
    <ClCompile Include="src\ecs\EntityStat.cpp" />
    <ClCompile Include="src\ecs\Game.cpp" />
    <ClCompile Include="SRC\json\JSON.cpp" />
    <ClCompile Include="SRC\json\JSONValue.cpp" />
    <ClCompile Include="SRC\json\json_demo.cpp" />
    <ClCompile Include="SRC\main.cpp" />
    <ClCompile Include="src\sdlutils\NewInputHandler.cpp" />
    <ClCompile Include="SRC\sdlutils\SDLNetUtils.cpp" />
    <ClCompile Include="SRC\sdlutils\SDLUtils.cpp" />
    <ClCompile Include="SRC\sdlutils\SDLUtilsError.cpp" />
    <ClCompile Include="SRC\sdlutils\SoundEffect.cpp" />
    <ClCompile Include="SRC\sdlutils\Texture.cpp" />
    <ClCompile Include="SRC\utils\Vector2D.cpp" />
    <ClCompile Include="src\player\StatusEffect.cpp" />
    <ClCompile Include="src\ecs\Button.cpp" />
    <ClCompile Include="src\room\Minigame.cpp" />
    <ClCompile Include="src\room\MinigameGeneratorComponent.cpp" />
    <ClCompile Include="src\room\TimerCountdown.cpp" />
    <ClCompile Include="src\render\TimerRenderer.cpp" />
    <ClCompile Include="src\ecs\EventHandler.cpp" />
    <ClCompile Include="src\player\MovementCtrl.cpp" />
    <ClCompile Include="src\ecs\Manager.cpp" />
    <ClCompile Include="src\player\InputManager.cpp" />
    <ClCompile Include="src\state\GameOverState.cpp" />
    <ClCompile Include="src\state\GameState.cpp" />
    <ClCompile Include="src\state\NewGameState.cpp" />
    <ClCompile Include="src\state\NewRoundState.cpp" />
    <ClCompile Include="src\state\PausedState.cpp" />
    <ClCompile Include="src\state\RunningState.cpp" />
    <ClCompile Include="src\utils\Collisions.cpp" />
    <ClCompile Include="src\render\Image.cpp" />
    <ClCompile Include="src\player\PlayerCtrl.cpp" />
    <ClCompile Include="src\room\ObjectInfo.cpp" />
    <ClCompile Include="src\render\ImageWithFrames.cpp" />
    <ClCompile Include="src\bullet\BulletUtils.cpp" />
    <ClCompile Include="src\bullet\BulletStats.cpp" />
    <ClCompile Include="src\bullet\DestroyOnBorder.cpp" />
    <ClCompile Include="src\map\DungeonFloor.cpp" />
    <ClCompile Include="src\map\DungeonRoom.cpp" />
    <ClCompile Include="src\map\RoomStorage.cpp" />
    <ClCompile Include="src\map\Tilemap.cpp" />
    <ClInclude Include="src\map\Tilemap.h" />
    <ClCompile Include="src\room\TileCollisionChecker.cpp" />
    <ClCompile Include="src\ecs\Transform.cpp" />
    <ClCompile Include="src\room\MoveThroughRooms.cpp" />
    <ClCompile Include="src\enemies\EnemyFacade.cpp" />
    <ClCompile Include="src\enemies\EnemyUtils.cpp" />
    <ClCompile Include="src\enemies\BossCMP.cpp" />
    <ClCompile Include="src\room\PickableCMP.cpp" />
    <ClCompile Include="src\player\PlayerAnimComponent.cpp" />
    <ClCompile Include="src\player\PlayerFacade.cpp" />
    <ClCompile Include="src\player\PlayerUtils.cpp" />
    <ClCompile Include="src\enemies\enemyHoming.cpp" />
    <ClCompile Include="src\render\WeaponImage.cpp" />
    <ClCompile Include="src\render\AnimatorComponent.cpp" />
    <ClCompile Include="src\render\Camera.cpp" />
    <ClCompile Include="src\ecs\HealthBarComponent.cpp" />
  </ItemGroup>
  <ItemGroup>
    <None Include="..\resources\config\resources.json" />
  </ItemGroup>
  <ItemGroup>
    <ClInclude Include="src\bullet\DestroyOnBorder.h" />
    <ClInclude Include="src\bullet\BulletUtils.h" />
    <ClInclude Include="src\bullet\BulletStats.h" />
    <ClInclude Include="src\ecs\Button.h" />
    <ClInclude Include="src\ecs\EntityStat.h" />
    <ClInclude Include="src\ecs\EventHandler.h" />
    <ClInclude Include="src\render\Image.h" />
    <ClInclude Include="src\render\ImageWithFrames.h" />
    <ClInclude Include="src\player\InputManager.h" />
    <ClInclude Include="src\player\MovementCtrl.h" />
    <ClInclude Include="src\player\PlayerCtrl.h" />
    <ClInclude Include="src\ecs\Game.h" />
    <ClInclude Include="src\player\StatusEffect.h" />
    <ClInclude Include="src\room\Minigame.h" />
    <ClInclude Include="src\room\MinigameGeneratorComponent.h" />
    <ClInclude Include="src\room\TimerCountdown.h" />
    <ClInclude Include="src\render\TimerRenderer.h" />
    <ClInclude Include="src\ecs\Transform.h" />
    <ClInclude Include="src\ecs\Component.h" />
    <ClInclude Include="src\ecs\ecs.h" />
    <ClInclude Include="src\ecs\ecs_defs.h" />
    <ClInclude Include="src\ecs\ecs_defs_example.h" />
    <ClInclude Include="src\ecs\Entity.h" />
    <ClInclude Include="src\ecs\Manager.h" />
    <ClInclude Include="src\state\GameOverState.h" />
    <ClInclude Include="src\state\GameState.h" />
    <ClInclude Include="src\state\NewGameState.h" />
    <ClInclude Include="src\state\NewRoundState.h" />
    <ClInclude Include="src\state\PausedState.h" />
    <ClInclude Include="src\state\RunningState.h" />
    <ClInclude Include="src\json\JSON.h" />
    <ClInclude Include="src\json\JSONValue.h" />
    <ClInclude Include="src\json\json_demo.h" />
    <ClInclude Include="src\map\DungeonFloor.h" />
    <ClInclude Include="src\map\DungeonRoom.h" />
    <ClInclude Include="src\map\RoomStorage.h" />
    <ClInclude Include="src\sdlutils\Font.h" />
    <ClInclude Include="src\sdlutils\NewInputHandler.h" />
    <ClInclude Include="src\sdlutils\macros.h" />
    <ClInclude Include="src\sdlutils\Music.h" />
    <ClInclude Include="src\sdlutils\RandomNumberGenerator.h" />
    <ClInclude Include="src\sdlutils\SDLNetUtils.h" />
    <ClInclude Include="src\sdlutils\SDLUtils.h" />
    <ClInclude Include="src\sdlutils\SDLUtilsError.h" />
    <ClInclude Include="src\sdlutils\SoundEffect.h" />
    <ClInclude Include="src\sdlutils\Texture.h" />
    <ClInclude Include="src\sdlutils\VirtualTimer.h" />
    <ClInclude Include="src\utils\Collisions.h" />
    <ClInclude Include="src\utils\DynamicBitSet.h" />
    <ClInclude Include="src\utils\GenID.h" />
    <ClInclude Include="src\utils\mpl.h" />
    <ClInclude Include="src\utils\ptr_iterator.h" />
    <ClInclude Include="src\utils\Singleton.h" />
    <ClInclude Include="src\utils\Vector2D.h" />
    <ClInclude Include="src\ecs\Component.h" />
    <ClInclude Include="src\ecs\ecs.h" />
    <ClInclude Include="src\ecs\ecs_defs.h" />
    <ClInclude Include="src\ecs\ecs_defs_example.h" />
    <ClInclude Include="src\ecs\Entity.h" />
    <ClInclude Include="src\ecs\Manager.h" />
    <ClInclude Include="src\utils\Collisions.h" />
    <ClInclude Include="src\room\ObjectInfo.h" />
    <ClInclude Include="src\utils\StringUtils.h" />
    <ClInclude Include="src\map\DungeonFloor.h" />
    <ClInclude Include="src\map\DungeonRoom.h" />
    <ClInclude Include="src\map\RoomStorage.h" />
    <ClInclude Include="src\map\Tilemap.h" />
    <ClInclude Include="src\astar\astar.hpp" />
    <ClInclude Include="src\Class\EnemyHitted.h" />
    <ClInclude Include="src\enemies\UndeadArcherCMPS.h" />
    <ClInclude Include="src\room\TileCollisionChecker.h" />
    <ClInclude Include="src\room\MoveThroughRooms.h" />
    <ClInclude Include="src\enemies\EnemyFacade.h" />
    <ClInclude Include="src\enemies\EnemyUtils.h" />
    <ClInclude Include="src\enemies\LivingArmorCMP.h" />
    <ClInclude Include="src\enemies\BossCMP.h" />
    <ClInclude Include="src\room\PickableCMP.h" />
    <ClInclude Include="src\player\PlayerAnimComponent.h" />
    <ClInclude Include="src\enemies\NecromancerComponent.h" />
    <ClInclude Include="src\player\PlayerFacade.h" />
    <ClInclude Include="src\player\PlayerUtils.h" />
    <ClInclude Include="src\enemies\enemyHoming.h" />
    <ClInclude Include="src\render\WeaponImage.h" />
    <ClInclude Include="src\render\AnimatorComponent.h" />
    <ClInclude Include="src\render\Camera.h" />
    <ClInclude Include="src\ecs\HealthBarComponent.h" />
  </ItemGroup>
  <ItemGroup>
    <None Include="..\resources\config\resources.json" />
    <ClInclude Include="src\utils\Vector2D.h" />
    <ClInclude Include="src\bullet\HomingComponent.h" />
    <ClCompile Include="src\bullet\HomingComponent.cpp" />
  </ItemGroup>
</Project>