<?xml version="1.0" encoding="utf-8"?>
<Project ToolsVersion="4.0" xmlns="http://schemas.microsoft.com/developer/msbuild/2003">
  <ItemGroup>
    <ClCompile Include="src\Class\EntityStat.cpp" />
    <ClCompile Include="src\Class\GameObject.cpp" />
    <ClCompile Include="src\Class\GameState_OLD.cpp" />
    <ClCompile Include="src\Class\gameStateMachine.cpp" />
    <ClCompile Include="src\Class\SceneObject.cpp" />
    <ClCompile Include="src\Class\Game.cpp" />
    <ClCompile Include="src\Class\MenuState.cpp" />
    <ClCompile Include="SRC\json\JSON.cpp" />
    <ClCompile Include="SRC\json\JSONValue.cpp" />
    <ClCompile Include="SRC\json\json_demo.cpp" />
    <ClCompile Include="SRC\main.cpp" />
    <ClCompile Include="src\sdlutils\NewInputHandler.cpp" />
    <ClCompile Include="SRC\sdlutils\SDLNetUtils.cpp" />
    <ClCompile Include="SRC\sdlutils\SDLUtils.cpp" />
    <ClCompile Include="SRC\sdlutils\SDLUtilsError.cpp" />
    <ClCompile Include="SRC\sdlutils\SoundEffect.cpp" />
    <ClCompile Include="SRC\sdlutils\Texture.cpp" />
    <ClCompile Include="SRC\utils\Vector2D.cpp" />
    <ClCompile Include="src\Class\PlayState.cpp" />
    <ClCompile Include="src\Class\DummyState.cpp" />
    <ClCompile Include="src\Class\StatusEffect.cpp" />
    <ClCompile Include="src\Class\Button.cpp" />
    <ClCompile Include="src\Class\MainMenuState.cpp" />
    <ClCompile Include="src\Class\Minigame.cpp" />
    <ClCompile Include="src\Class\MinigameGeneratorComponent.cpp" />
    <ClCompile Include="src\Class\TimerCountdown.cpp" />
    <ClCompile Include="src\Class\TimerRenderer.cpp" />
    <ClCompile Include="src\Class\Enemy.cpp" />
    <ClCompile Include="src\Class\EventHandler.cpp" />
    <ClCompile Include="src\Class\MovementCtrl.cpp" />
    <ClCompile Include="src\ecs\Manager.cpp" />
    <ClCompile Include="src\Class\InputManager.cpp" />
    <ClCompile Include="src\game\GameOverState.cpp" />
    <ClCompile Include="src\game\GameState.cpp" />
    <ClCompile Include="src\game\NewGameState.cpp" />
    <ClCompile Include="src\game\NewRoundState.cpp" />
    <ClCompile Include="src\game\PausedState.cpp" />
    <ClCompile Include="src\game\RunningState.cpp" />
    <ClCompile Include="src\utils\Collisions.cpp" />
    <ClCompile Include="src\Class\Image.cpp" />
    <ClCompile Include="src\Class\GhostComponent.cpp" />
    <ClCompile Include="src\Class\PlayerCtrl.cpp" />
    <ClCompile Include="src\Class\ObjectInfo.cpp" />
    <ClCompile Include="src\Class\ImageWithFrames.cpp" />
    <ClCompile Include="src\Class\BulletUtils.cpp" />
    <ClCompile Include="src\Class\BulletStats.cpp" />
    <ClCompile Include="src\Class\DestroyOnBorder.cpp" />
    <ClCompile Include="src\map\DungeonFloor.cpp" />
    <ClCompile Include="src\map\DungeonRoom.cpp" />
    <ClCompile Include="src\map\RoomStorage.cpp" />
    <ClCompile Include="src\map\Tilemap.cpp" />
    <ClInclude Include="src\map\Tilemap.h" />
    <ClCompile Include="src\Class\ObjectInfo.cpp" />
    <ClCompile Include="src\Class\UndeadArcherCMPS.cpp" />
    <ClCompile Include="src\Class\TileCollisionChecker.cpp" />
    <ClCompile Include="src\Class\Transform.cpp" />
    <ClCompile Include="src\Class\MoveThroughRooms.cpp" />
    <ClCompile Include="src\game\EnemyFacade.cpp" />
    <ClCompile Include="src\game\EnemyUtils.cpp" />
    <ClCompile Include="src\Class\LivingArmorCMP.cpp" />
    <ClCompile Include="src\Class\BossCMP.cpp" />
    <ClCompile Include="src\Class\PickableCMP.cpp" />
    <ClCompile Include="src\Class\PlayerAnimComponent.cpp" />
    <ClCompile Include="src\Class\NecromancerComponent.cpp" />
    <ClCompile Include="src\game\PlayerFacade.cpp" />
    <ClCompile Include="src\game\PlayerUtils.cpp" />
    <ClCompile Include="src\Class\enemyHoming.cpp" />
  </ItemGroup>
  <ItemGroup>
    <None Include="..\resources\config\resources.json" />
  </ItemGroup>
  <ItemGroup>
    <ClInclude Include="src\Class\DestroyOnBorder.h" />
    <ClInclude Include="src\Class\BulletUtils.h" />
    <ClInclude Include="src\Class\BulletStats.h" />
    <ClInclude Include="src\Class\Button.h" />
    <ClInclude Include="src\Class\DummyState.h" />
    <ClInclude Include="src\Class\Enemy.h" />
    <ClInclude Include="src\Class\EntityStat.h" />
    <ClInclude Include="src\Class\EventHandler.h" />
    <ClInclude Include="src\Class\GameObject.h" />
    <ClInclude Include="src\Class\GameState_OLD.h" />
    <ClInclude Include="src\Class\gameStateMachine.h" />
    <ClInclude Include="src\Class\Image.h" />
    <ClInclude Include="src\Class\ImageWithFrames.h" />
    <ClInclude Include="src\Class\InputManager.h" />
    <ClInclude Include="src\Class\MainMenuState.h" />
    <ClInclude Include="src\Class\MenuState.h" />
    <ClInclude Include="src\Class\MovementCtrl.h" />
    <ClInclude Include="src\Class\PlayerCtrl.h" />
    <ClInclude Include="src\Class\PlayState.h" />
    <ClInclude Include="src\Class\SceneObject.h" />
    <ClInclude Include="src\Class\Game.h" />
    <ClInclude Include="src\Class\StatusEffect.h" />
    <ClInclude Include="src\Class\Minigame.h" />
    <ClInclude Include="src\Class\MinigameGeneratorComponent.h" />
    <ClInclude Include="src\Class\TimerCountdown.h" />
    <ClInclude Include="src\Class\TimerRenderer.h" />
    <ClInclude Include="src\Class\Transform.h" />
    <ClInclude Include="src\ecs\Component.h" />
    <ClInclude Include="src\ecs\ecs.h" />
    <ClInclude Include="src\ecs\ecs_defs.h" />
    <ClInclude Include="src\ecs\ecs_defs_example.h" />
    <ClInclude Include="src\ecs\Entity.h" />
    <ClInclude Include="src\ecs\Manager.h" />
    <ClInclude Include="src\game\GameOverState.h" />
    <ClInclude Include="src\game\GameState.h" />
    <ClInclude Include="src\Class\GhostComponent.h" />
    <ClInclude Include="src\game\NewGameState.h" />
    <ClInclude Include="src\game\NewRoundState.h" />
    <ClInclude Include="src\game\PausedState.h" />
    <ClInclude Include="src\game\RunningState.h" />
    <ClInclude Include="src\json\JSON.h" />
    <ClInclude Include="src\json\JSONValue.h" />
    <ClInclude Include="src\json\json_demo.h" />
    <ClInclude Include="src\map\DungeonFloor.h" />
    <ClInclude Include="src\map\DungeonRoom.h" />
    <ClInclude Include="src\map\RoomStorage.h" />
    <ClInclude Include="src\sdlutils\Font.h" />
    <ClInclude Include="src\sdlutils\NewInputHandler.h" />
    <ClInclude Include="src\sdlutils\macros.h" />
    <ClInclude Include="src\sdlutils\Music.h" />
    <ClInclude Include="src\sdlutils\RandomNumberGenerator.h" />
    <ClInclude Include="src\sdlutils\SDLNetUtils.h" />
    <ClInclude Include="src\sdlutils\SDLUtils.h" />
    <ClInclude Include="src\sdlutils\SDLUtilsError.h" />
    <ClInclude Include="src\sdlutils\SoundEffect.h" />
    <ClInclude Include="src\sdlutils\Texture.h" />
    <ClInclude Include="src\sdlutils\VirtualTimer.h" />
    <ClInclude Include="src\utils\Collisions.h" />
    <ClInclude Include="src\utils\DynamicBitSet.h" />
    <ClInclude Include="src\utils\GenID.h" />
    <ClInclude Include="src\utils\mpl.h" />
    <ClInclude Include="src\utils\ptr_iterator.h" />
    <ClInclude Include="src\utils\Singleton.h" />
    <ClInclude Include="src\utils\Vector2D.h" />
    <ClInclude Include="src\Class\PlayState.h" />
    <ClInclude Include="src\Class\DummyState.h" />
    <ClInclude Include="src\Class\StatusEffect.h" />
    <ClInclude Include="src\Class\Button.h" />
    <ClInclude Include="src\Class\MainMenuState.h" />
    <ClInclude Include="src\Class\MenuState.h" />
    <ClInclude Include="src\Class\Player.h" />
    <ClInclude Include="src\Class\TimerCountdown.h" />
    <ClInclude Include="src\Class\Enemy.h" />
    <ClInclude Include="src\Class\EventHandler.h" />
    <ClInclude Include="src\Class\MovementCtrl.h" />
    <ClInclude Include="src\Class\Transform.h" />
    <ClInclude Include="src\ecs\Component.h" />
    <ClInclude Include="src\ecs\ecs.h" />
    <ClInclude Include="src\ecs\ecs_defs.h" />
    <ClInclude Include="src\ecs\ecs_defs_example.h" />
    <ClInclude Include="src\ecs\Entity.h" />
    <ClInclude Include="src\ecs\Manager.h" />
    <ClInclude Include="src\Class\InputManager.h" />
    <ClInclude Include="src\Class\EntityCmp.h" />
    <ClInclude Include="src\game\AsteroidsFacade.h" />
    <ClInclude Include="src\game\AsteroidsUtils.h" />
    <ClInclude Include="src\game\FighterFacade.h" />
    <ClInclude Include="src\game\FighterUtils.h" />
    <ClInclude Include="src\game\GameOverState.h" />
    <ClInclude Include="src\game\GameState.h" />
    <ClInclude Include="src\game\NewGameState.h" />
    <ClInclude Include="src\game\NewRoundState.h" />
    <ClInclude Include="src\game\PausedState.h" />
    <ClInclude Include="src\game\RunningState.h" />
    <ClInclude Include="src\utils\Collisions.h" />
    <ClInclude Include="src\Class\Image.h" />
    <ClInclude Include="src\game\GhostComponent.h" />
    <ClInclude Include="src\Class\PlayerCtrl.h" />
    <ClInclude Include="src\Class\ObjectInfo.h" />
    <ClInclude Include="src\Class\ImageWithFrames.h" />
    <ClInclude Include="src\Class\Bullet.h" />
    <ClInclude Include="src\Class\BulletStats.h" />
    <ClInclude Include="src\Class\DestroyOnBorder.h" />
    <ClInclude Include="src\utils\StringUtils.h" />
    <ClInclude Include="src\map\DungeonFloor.h" />
    <ClInclude Include="src\map\DungeonRoom.h" />
    <ClInclude Include="src\map\RoomStorage.h" />
    <ClInclude Include="src\map\Tilemap.h" />
    <ClInclude Include="src\astar\astar.hpp" />
    <ClInclude Include="src\Class\ObjectInfo.h" />
    <ClInclude Include="src\Class\UndeadArcherCMPS.h" />
    <ClInclude Include="src\Class\TileCollisionChecker.h" />
    <ClInclude Include="src\Class\MoveThroughRooms.h" />
    <ClInclude Include="src\game\EnemyFacade.h" />
    <ClInclude Include="src\game\EnemyUtils.h" />
    <ClInclude Include="src\Class\LivingArmorCMP.h" />
    <ClInclude Include="src\Class\BossCMP.h" />
    <ClInclude Include="src\Class\PickableCMP.h" />
    <ClInclude Include="src\Class\PlayerAnimComponent.h" />
    <ClInclude Include="src\Class\NecromancerComponent.h" />
    <ClInclude Include="src\game\PlayerFacade.h" />
    <ClInclude Include="src\game\PlayerUtils.h" />
    <ClInclude Include="src\Class\enemyHoming.h" />
  </ItemGroup>
  <ItemGroup>
    <None Include="..\resources\config\resources.json" />
    <ClInclude Include="src\utils\Vector2D.h" />
    <ClInclude Include="src\Class\HomingComponent.h" />
    <ClCompile Include="src\Class\HomingComponent.cpp" />
  </ItemGroup>
</Project>