<?xml version="1.0" encoding="utf-8"?>
<Project ToolsVersion="4.0" xmlns="http://schemas.microsoft.com/developer/msbuild/2003">
  <ItemGroup>
    <ClCompile Include="src\Class\EntityStat.cpp" />
    <ClCompile Include="src\Class\GameObject.cpp" />
    <ClCompile Include="src\Class\GameState_OLD.cpp" />
    <ClCompile Include="src\Class\gameStateMachine.cpp" />
    <ClCompile Include="src\Class\SceneObject.cpp" />
    <ClCompile Include="src\Class\Game.cpp" />
    <ClCompile Include="src\Class\MenuState.cpp" />
    <ClCompile Include="SRC\json\JSON.cpp" />
    <ClCompile Include="SRC\json\JSONValue.cpp" />
    <ClCompile Include="SRC\json\json_demo.cpp" />
    <ClCompile Include="SRC\main.cpp" />
    <ClCompile Include="SRC\sdlutils\SDLNetUtils.cpp" />
    <ClCompile Include="SRC\sdlutils\SDLUtils.cpp" />
    <ClCompile Include="SRC\sdlutils\SDLUtilsError.cpp" />
    <ClCompile Include="SRC\sdlutils\SoundEffect.cpp" />
    <ClCompile Include="SRC\sdlutils\Texture.cpp" />
    <ClCompile Include="SRC\utils\Vector2D.cpp" />
    <ClCompile Include="src\Class\PlayState.cpp" />
    <ClCompile Include="src\Class\DummyState.cpp" />
    <ClCompile Include="src\Class\Collisions.cpp" />
    <ClCompile Include="src\Class\EntityCmp.cpp" />
    <ClCompile Include="src\Class\StatusEffect.cpp" />
    <ClCompile Include="src\Class\Button.cpp" />
    <ClCompile Include="src\Class\MainMenuState.cpp" />
    <ClCompile Include="src\Class\Player.cpp" />
    <ClCompile Include="src\Class\TimerCountdown.cpp" />
    <ClCompile Include="src\Class\Enemy.cpp" />
    <ClCompile Include="src\Class\EventHandler.cpp" />
    <ClCompile Include="src\Class\MovementCtrl.cpp" />
    <ClCompile Include="src\ecs\Manager.cpp" />
    <ClCompile Include="src\Class\InputManager.cpp" />
    <ClCompile Include="src\game\AsteroidsFacade.cpp" />
    <ClCompile Include="src\game\AsteroidsUtils.cpp" />
    <ClCompile Include="src\game\FighterFacade.cpp" />
    <ClCompile Include="src\game\FighterUtils.cpp" />
    <ClCompile Include="src\game\GameOverState.cpp" />
    <ClCompile Include="src\game\GameState.cpp" />
    <ClCompile Include="src\game\NewGameState.cpp" />
    <ClCompile Include="src\game\NewRoundState.cpp" />
    <ClCompile Include="src\game\PausedState.cpp" />
    <ClCompile Include="src\game\RunningState.cpp" />
    <ClCompile Include="src\utils\Collisions.cpp" />
    <ClCompile Include="src\Class\Image.cpp" />
    <ClCompile Include="src\game\GhostComponent.cpp" />
    <ClCompile Include="src\Class\PlayerCtrl.cpp" />
    <ClCompile Include="src\Class\ObjectInfo.cpp" />
    <ClCompile Include="src\Class\ImageWithFrames.cpp" />
    <ClCompile Include="src\Class\Bullet.cpp" />
    <ClCompile Include="src\Class\BulletStats.cpp" />
    <ClCompile Include="src\Class\DestroyOnBorder.cpp" />
    <ClCompile Include="src\map\DungeonFloor.cpp" />
    <ClCompile Include="src\map\DungeonRoom.cpp" />
    <ClCompile Include="src\map\RoomStorage.cpp" />
  </ItemGroup>
  <ItemGroup>
    <ClInclude Include="src\Class\EntityStat.h" />
    <ClInclude Include="src\Class\GameObject.h" />
    <ClInclude Include="src\Class\GameState_OLD.h" />
    <ClInclude Include="src\Class\gameStateMachine.h" />
    <ClInclude Include="src\Class\SceneObject.h" />
    <ClInclude Include="src\Class\Game.h" />
    <ClInclude Include="src\json\JSON.h" />
    <ClInclude Include="src\json\JSONValue.h" />
    <ClInclude Include="src\json\json_demo.h" />
    <ClInclude Include="src\sdlutils\Font.h" />
    <ClInclude Include="src\sdlutils\InputHandler.h" />
    <ClInclude Include="src\sdlutils\macros.h" />
    <ClInclude Include="src\sdlutils\Music.h" />
    <ClInclude Include="src\sdlutils\RandomNumberGenerator.h" />
    <ClInclude Include="src\sdlutils\SDLNetUtils.h" />
    <ClInclude Include="src\sdlutils\SDLUtils.h" />
    <ClInclude Include="src\sdlutils\SDLUtilsError.h" />
    <ClInclude Include="src\sdlutils\SoundEffect.h" />
    <ClInclude Include="src\sdlutils\Texture.h" />
    <ClInclude Include="src\sdlutils\VirtualTimer.h" />
    <ClInclude Include="src\utils\DynamicBitSet.h" />
    <ClInclude Include="src\utils\GenID.h" />
    <ClInclude Include="src\utils\mpl.h" />
    <ClInclude Include="src\utils\ptr_iterator.h" />
    <ClInclude Include="src\utils\Singleton.h" />
    <ClInclude Include="src\utils\Vector2D.h" />
    <ClInclude Include="src\Class\PlayState.h" />
    <ClInclude Include="src\Class\DummyState.h" />
    <ClInclude Include="src\Class\Collisions.h" />
    <ClInclude Include="src\Class\StatusEffect.h" />
    <ClInclude Include="src\Class\Button.h" />
    <ClInclude Include="src\Class\MainMenuState.h" />
    <ClInclude Include="src\Class\MenuState.h" />
    <ClInclude Include="src\Class\Player.h" />
    <ClInclude Include="src\Class\TimerCountdown.h" />
    <ClInclude Include="src\Class\Enemy.h" />
    <ClInclude Include="src\Class\EventHandler.h" />
    <ClInclude Include="src\Class\MovementCtrl.h" />
    <ClInclude Include="src\Class\Transform.h" />
    <ClInclude Include="src\ecs\Component.h" />
    <ClInclude Include="src\ecs\ecs.h" />
    <ClInclude Include="src\ecs\ecs_defs.h" />
    <ClInclude Include="src\ecs\ecs_defs_example.h" />
    <ClInclude Include="src\ecs\Entity.h" />
    <ClInclude Include="src\ecs\Manager.h" />
    <ClInclude Include="src\Class\InputManager.h" />
    <ClInclude Include="src\Class\EntityCmp.h" />
    <ClInclude Include="src\game\AsteroidsFacade.h" />
    <ClInclude Include="src\game\AsteroidsUtils.h" />
    <ClInclude Include="src\game\FighterFacade.h" />
    <ClInclude Include="src\game\FighterUtils.h" />
    <ClInclude Include="src\game\GameOverState.h" />
    <ClInclude Include="src\game\GameState.h" />
    <ClInclude Include="src\game\NewGameState.h" />
    <ClInclude Include="src\game\NewRoundState.h" />
    <ClInclude Include="src\game\PausedState.h" />
    <ClInclude Include="src\game\RunningState.h" />
    <ClInclude Include="src\utils\Collisions.h" />
    <ClInclude Include="src\Class\Image.h" />
    <ClInclude Include="src\game\GhostComponent.h" />
    <ClInclude Include="src\Class\PlayerCtrl.h" />
    <ClInclude Include="src\Class\ObjectInfo.h" />
    <ClInclude Include="src\Class\ImageWithFrames.h" />
    <ClInclude Include="src\Class\Bullet.h" />
    <ClInclude Include="src\Class\BulletStats.h" />
    <ClInclude Include="src\Class\DestroyOnBorder.h" />
    <ClInclude Include="src\utils\StringUtils.h" />
    <ClInclude Include="src\map\DungeonFloor.h" />
    <ClInclude Include="src\map\DungeonRoom.h" />
    <ClInclude Include="src\map\RoomStorage.h" />
  </ItemGroup>
  <ItemGroup>
    <None Include="..\resources\config\resources.json" />
  </ItemGroup>
</Project>