<?xml version="1.0" encoding="utf-8"?>
<Project ToolsVersion="4.0" xmlns="http://schemas.microsoft.com/developer/msbuild/2003">
  <ItemGroup>
    <ClCompile Include="..\src\Class\EntityStat.cpp" />
    <ClCompile Include="..\src\Class\GameObject.cpp" />
    <ClCompile Include="..\src\Class\GameState.cpp" />
    <ClCompile Include="..\src\Class\gameStateMachine.cpp" />
    <ClCompile Include="..\src\Class\SceneObject.cpp" />
    <ClCompile Include="..\src\Class\Game.cpp" />
    <ClCompile Include="..\src\Class\MenuState.cpp" />
    <ClCompile Include="..\SRC\json\JSON.cpp" />
    <ClCompile Include="..\SRC\json\JSONValue.cpp" />
    <ClCompile Include="..\SRC\json\json_demo.cpp" />
    <ClCompile Include="..\SRC\main.cpp" />
    <ClCompile Include="..\SRC\sdlutils\SDLNetUtils.cpp" />
    <ClCompile Include="..\SRC\sdlutils\SDLUtils.cpp" />
    <ClCompile Include="..\SRC\sdlutils\SDLUtilsError.cpp" />
    <ClCompile Include="..\SRC\sdlutils\sdlutils_demo.cpp" />
    <ClCompile Include="..\SRC\sdlutils\SoundEffect.cpp" />
    <ClCompile Include="..\SRC\sdlutils\Texture.cpp" />
    <ClCompile Include="..\SRC\utils\Collisions.cpp" />
    <ClCompile Include="..\SRC\utils\Vector2D.cpp" />
  </ItemGroup>
  <ItemGroup>
    <ClInclude Include="..\src\Class\EntityStat.h" />
    <ClInclude Include="..\src\Class\GameObject.h" />
    <ClInclude Include="..\src\Class\GameState.h" />
    <ClInclude Include="..\src\Class\gameStateMachine.h" />
    <ClInclude Include="..\src\Class\SceneObject.h" />
    <ClInclude Include="..\src\Class\Game.h" />
    <ClInclude Include="..\SRC\json\JSON.h" />
    <ClInclude Include="..\SRC\json\JSONValue.h" />
    <ClInclude Include="..\SRC\json\json_demo.h" />
    <ClInclude Include="..\SRC\sdlutils\Font.h" />
    <ClInclude Include="..\SRC\sdlutils\InputHandler.h" />
    <ClInclude Include="..\SRC\sdlutils\macros.h" />
    <ClInclude Include="..\SRC\sdlutils\Music.h" />
    <ClInclude Include="..\SRC\sdlutils\RandomNumberGenerator.h" />
    <ClInclude Include="..\SRC\sdlutils\SDLNetUtils.h" />
    <ClInclude Include="..\SRC\sdlutils\SDLUtils.h" />
    <ClInclude Include="..\SRC\sdlutils\SDLUtilsError.h" />
    <ClInclude Include="..\SRC\sdlutils\sdlutils_demo.h" />
    <ClInclude Include="..\SRC\sdlutils\SoundEffect.h" />
    <ClInclude Include="..\SRC\sdlutils\Texture.h" />
    <ClInclude Include="..\SRC\sdlutils\VirtualTimer.h" />
    <ClInclude Include="..\SRC\utils\Collisions.h" />
    <ClInclude Include="..\SRC\utils\DynamicBitSet.h" />
    <ClInclude Include="..\SRC\utils\GenID.h" />
    <ClInclude Include="..\SRC\utils\mpl.h" />
    <ClInclude Include="..\SRC\utils\ptr_iterator.h" />
    <ClInclude Include="..\SRC\utils\Singleton.h" />
    <ClInclude Include="..\SRC\utils\Vector2D.h" />
  </ItemGroup>
</Project>